
Microsoft Visual Studio Solution File, Format Version 12.00
# Visual Studio Version 16
VisualStudioVersion = 16.0.31424.327
MinimumVisualStudioVersion = 10.0.40219.1
Project("{9A19103F-16F7-4668-BE54-9A1E7A4F7556}") = "AspNetCore.RestFramework.Sample", "samples\AspNetCore.RestFramework.Sample\AspNetCore.RestFramework.Sample.csproj", "{1BD03AAE-F48D-4153-8DAD-964E4CD81CD4}"
EndProject
Project("{9A19103F-16F7-4668-BE54-9A1E7A4F7556}") = "AspNetCore.RestFramework.Core.Test", "tests\AspNetCore.RestFramework.Core.Test\AspNetCore.RestFramework.Core.Test.csproj", "{5C337F78-3254-477E-9937-42FD595F9733}"
EndProject
Project("{FAE04EC0-301F-11D3-BF4B-00C04F79EFBC}") = "AspNetCore.RestFramework.Core", "src\AspNetCore.RestFramework.Core\AspNetCore.RestFramework.Core.csproj", "{CA09285F-319F-459A-844D-9AF468C0ABF5}"
EndProject
Global
	GlobalSection(SolutionConfigurationPlatforms) = preSolution
		Debug|Any CPU = Debug|Any CPU
		Release|Any CPU = Release|Any CPU
	EndGlobalSection
	GlobalSection(ProjectConfigurationPlatforms) = postSolution
		{1BD03AAE-F48D-4153-8DAD-964E4CD81CD4}.Debug|Any CPU.ActiveCfg = Debug|Any CPU
		{1BD03AAE-F48D-4153-8DAD-964E4CD81CD4}.Debug|Any CPU.Build.0 = Debug|Any CPU
		{1BD03AAE-F48D-4153-8DAD-964E4CD81CD4}.Release|Any CPU.ActiveCfg = Release|Any CPU
		{1BD03AAE-F48D-4153-8DAD-964E4CD81CD4}.Release|Any CPU.Build.0 = Release|Any CPU
		{5C337F78-3254-477E-9937-42FD595F9733}.Debug|Any CPU.ActiveCfg = Debug|Any CPU
		{5C337F78-3254-477E-9937-42FD595F9733}.Debug|Any CPU.Build.0 = Debug|Any CPU
		{5C337F78-3254-477E-9937-42FD595F9733}.Release|Any CPU.ActiveCfg = Release|Any CPU
		{5C337F78-3254-477E-9937-42FD595F9733}.Release|Any CPU.Build.0 = Release|Any CPU
		{CA09285F-319F-459A-844D-9AF468C0ABF5}.Debug|Any CPU.ActiveCfg = Debug|Any CPU
		{CA09285F-319F-459A-844D-9AF468C0ABF5}.Debug|Any CPU.Build.0 = Debug|Any CPU
		{CA09285F-319F-459A-844D-9AF468C0ABF5}.Release|Any CPU.ActiveCfg = Release|Any CPU
		{CA09285F-319F-459A-844D-9AF468C0ABF5}.Release|Any CPU.Build.0 = Release|Any CPU
	EndGlobalSection
	GlobalSection(SolutionProperties) = preSolution
		HideSolutionNode = FALSE
	EndGlobalSection
	GlobalSection(ExtensibilityGlobals) = postSolution
		SolutionGuid = {29BA18DA-1B59-4833-AF4C-8F6B049340FC}
	EndGlobalSection
EndGlobal
