{
  "version": 1,
  "dependencies": {
    "net10.0": {
      "Microsoft.AspNetCore.Http.Abstractions": {
        "type": "Direct",
        "requested": "[2.*, )",
        "resolved": "2.3.13",
        "contentHash": "V40/i3RzwjOpC7aUXkWYac45lD5o/HH/BF6KDgWpto/YWGHW9oHd4OSYg+WkaZxZYXxF4t2fRUWA4KyyABxw8g==",
        "dependencies": {
          "Microsoft.AspNetCore.Http.Features": "2.3.12"
        }
      },
      "Microsoft.AspNetCore.Mvc.Core": {
        "type": "Direct",
        "requested": "[2.*, )",
        "resolved": "2.3.13",
        "contentHash": "21uSJQenG9nX93jCdYO743Io1EXLkdFYn9ZhDuk153iTVt2DPZYZstfJRgujrthwfzcR2GyAKbwVutrau1SG6Q==",
        "dependencies": {
          "Microsoft.AspNetCore.Authentication.Core": "2.3.12",
          "Microsoft.AspNetCore.Authorization.Policy": "2.3.12",
          "Microsoft.AspNetCore.Hosting.Abstractions": "2.3.12",
          "Microsoft.AspNetCore.Http": "2.3.12",
          "Microsoft.AspNetCore.Http.Extensions": "2.3.12",
          "Microsoft.AspNetCore.Mvc.Abstractions": "2.3.12",
          "Microsoft.AspNetCore.ResponseCaching.Abstractions": "2.3.12",
          "Microsoft.AspNetCore.Routing": "2.3.12",
          "Microsoft.Extensions.DependencyInjection": "8.0.1",
          "Microsoft.Extensions.DependencyModel": "8.0.2",
          "Microsoft.Extensions.FileProviders.Abstractions": "8.0.0",
          "Microsoft.Extensions.Logging.Abstractions": "8.0.2"
        }
      },
      "Microsoft.EntityFrameworkCore": {
        "type": "Direct",
        "requested": "[10.0.0, 11.0.0)",
        "resolved": "10.0.0",
        "contentHash": "hHa2amRjMyBLUH/KTML6FgIAhZ0VFYkhCKwWEax0rO6iNeM1P5MflyeQLE5dniSIOZHc3Oqyv5UIyTFO4e1Auw==",
        "dependencies": {
          "Microsoft.EntityFrameworkCore.Abstractions": "10.0.0",
          "Microsoft.EntityFrameworkCore.Analyzers": "10.0.0",
          "Microsoft.Extensions.Caching.Memory": "10.0.0",
          "Microsoft.Extensions.Logging": "10.0.0"
        }
      },
      "Microsoft.EntityFrameworkCore.Relational": {
        "type": "Direct",
        "requested": "[10.0.0, 11.0.0)",
        "resolved": "10.0.0",
        "contentHash": "A3MX1ee7RDxWCUdx/KqP+74fbksz0UIhkVZh56YHvbPkEKsffCXgHU3LGkRDwqR/MrBNWLCWC/IVX79tzM30ZA==",
        "dependencies": {
          "Microsoft.EntityFrameworkCore": "10.0.0",
          "Microsoft.Extensions.Caching.Memory": "10.0.0",
          "Microsoft.Extensions.Configuration.Abstractions": "10.0.0",
          "Microsoft.Extensions.Logging": "10.0.0"
        }
      },
      "Newtonsoft.Json": {
        "type": "Direct",
        "requested": "[13.0.3, )",
        "resolved": "13.0.3",
        "contentHash": "HrC5BXdl00IP9zeV+0Z848QWPAoCr9P3bDEZguI+gkLcBKAOxix/tLEAAHC+UvDNPv4a2d18lOReHMOagPa+zQ=="
      },
      "Microsoft.AspNetCore.Authentication.Abstractions": {
        "type": "Transitive",
        "resolved": "2.3.11",
        "contentHash": "2Hklqme2cDAbWOK5+6hQhyvyENhgeNpWjM5/kkY26cHgldAUIIzIo795X/ja+Yt5N41KHv4k2FfFU24gGkeNEw==",
        "dependencies": {
          "Microsoft.AspNetCore.Http.Abstractions": "2.3.10",
          "Microsoft.Extensions.Logging.Abstractions": "8.0.2",
          "Microsoft.Extensions.Options": "8.0.2"
        }
      },
      "Microsoft.AspNetCore.Authentication.Core": {
        "type": "Transitive",
        "resolved": "2.3.12",
        "contentHash": "nRXTTD9ctza6MH1/wa6kZncvT6eiz4T5MZLOaE8SfKRTI+6mczfKgv4BHyJk/PECWNBiNx3Xz3M8kaG1nrjBNA==",
        "dependencies": {
          "Microsoft.AspNetCore.Authentication.Abstractions": "2.3.11",
          "Microsoft.AspNetCore.Http": "2.3.11",
          "Microsoft.AspNetCore.Http.Extensions": "2.3.11"
        }
      },
      "Microsoft.AspNetCore.Authorization": {
        "type": "Transitive",
        "resolved": "2.3.11",
        "contentHash": "ffdx/P4V6LdAu6gXVtSGJKZrRmel+ZkfvjSBArDu/+nZyBUhNh5tdElJTDWDfIuMoDu1qQulWlnMVzEzbLes7A==",
        "dependencies": {
          "Microsoft.Extensions.Logging.Abstractions": "8.0.2",
          "Microsoft.Extensions.Options": "8.0.2"
        }
      },
      "Microsoft.AspNetCore.Authorization.Policy": {
        "type": "Transitive",
        "resolved": "2.3.12",
        "contentHash": "sSJTb3BnV2XcECHM2X/ASrlrI+gJ78ts74fEvy6ONuniG5ZSh7aW52w7j4AFCoRarHzemcS8x+V5AqhxBlpk5w==",
        "dependencies": {
          "Microsoft.AspNetCore.Authentication.Abstractions": "2.3.11",
          "Microsoft.AspNetCore.Authorization": "2.3.11"
        }
      },
      "Microsoft.AspNetCore.Hosting.Abstractions": {
        "type": "Transitive",
        "resolved": "2.3.12",
        "contentHash": "jSEvM9Ot0ok4VIT8R5JNOSiLTay+sFBp1vCwiqWPqaY3HuvK0EAr8YfqOkxDnWw5nqyC5Z3asJ2NuddLNVzXGA==",
        "dependencies": {
          "Microsoft.AspNetCore.Hosting.Server.Abstractions": "2.3.11",
          "Microsoft.AspNetCore.Http.Abstractions": "2.3.11",
          "Microsoft.Extensions.Hosting.Abstractions": "8.0.1"
        }
      },
      "Microsoft.AspNetCore.Hosting.Server.Abstractions": {
        "type": "Transitive",
        "resolved": "2.3.11",
        "contentHash": "LMp90i+SDiogwqOybUn8T6uZ0E3wmfKxZpUUMUWo/mWkaxTFtzFPTj/VU0G5ZEgYQdz6oPSwSpkoV6pzikt9Qg==",
        "dependencies": {
          "Microsoft.AspNetCore.Http.Features": "2.3.10",
          "Microsoft.Extensions.Configuration.Abstractions": "8.0.0"
        }
      },
      "Microsoft.AspNetCore.Http": {
        "type": "Transitive",
        "resolved": "2.3.12",
        "contentHash": "unx5UyJrHAsIu/NZLGXdnwbdqLnAdN//YjdBTeOO08KM7for4pOULwSeSkisxSaLdIn8m9Y3HJWGLEM+Ys5NgA==",
        "dependencies": {
          "Microsoft.AspNetCore.Http.Abstractions": "2.3.11",
          "Microsoft.AspNetCore.WebUtilities": "2.3.11",
          "Microsoft.Extensions.ObjectPool": "8.0.11",
          "Microsoft.Extensions.Options": "8.0.2",
          "Microsoft.Net.Http.Headers": "2.3.11"
        }
      },
      "Microsoft.AspNetCore.Http.Extensions": {
        "type": "Transitive",
        "resolved": "2.3.12",
        "contentHash": "qMK/Q25fj2R97RNNnbK2WmQTBN6wAa1t0sWSyOb3XA8JYkZTGxWjoVJ3P7ntdmEdV8EVfTrV1DCQl390GAOeXg==",
        "dependencies": {
          "Microsoft.AspNetCore.Http.Abstractions": "2.3.11",
          "Microsoft.Extensions.FileProviders.Abstractions": "8.0.0",
          "Microsoft.Net.Http.Headers": "2.3.11"
        }
      },
      "Microsoft.AspNetCore.Http.Features": {
        "type": "Transitive",
        "resolved": "2.3.12",
        "contentHash": "Lq3xByu3oBaIPJrKhL8NIRTwQO177NhztvBG6FBoajnxeDIZn2N5vzfDjcp7eQcyPbWPm9G1yMEi9ah+yMR7kw==",
        "dependencies": {
          "Microsoft.Extensions.Primitives": "8.0.0"
        }
      },
      "Microsoft.AspNetCore.Mvc.Abstractions": {
        "type": "Transitive",
        "resolved": "2.3.12",
        "contentHash": "4DgsPmhIaxCjxGOB6PN2XVgyiHcGmvQkvlZSM5AjvEezpJJF3VncVsLVEyfZE8RUugyHJ5wW+Xos/m2Yzz97Lw==",
        "dependencies": {
          "Microsoft.AspNetCore.Routing.Abstractions": "2.3.11",
          "Microsoft.Net.Http.Headers": "2.3.11"
        }
      },
      "Microsoft.AspNetCore.ResponseCaching.Abstractions": {
        "type": "Transitive",
        "resolved": "2.3.12",
        "contentHash": "OFMQwSDbR70xMIZ9ccPeZiXEe9v9Yb2LIszLXBydZephOsi1cwwPUyvXU/g0+qyTGnCWqUA0UKKEjJBQfquR8g==",
        "dependencies": {
          "Microsoft.Extensions.Primitives": "8.0.0"
        }
      },
      "Microsoft.AspNetCore.Routing": {
        "type": "Transitive",
        "resolved": "2.3.12",
        "contentHash": "FgOCYWe5gZDDxVggaCOAK1L4na779J/FwjsItWRp31P8jYWvvk7uZP6UMgXajLj2lercEwGaEjw8zadZPkcQ+g==",
        "dependencies": {
          "Microsoft.AspNetCore.Http.Extensions": "2.3.11",
          "Microsoft.AspNetCore.Routing.Abstractions": "2.3.11",
          "Microsoft.Extensions.Logging.Abstractions": "8.0.2",
          "Microsoft.Extensions.ObjectPool": "8.0.11",
          "Microsoft.Extensions.Options": "8.0.2"
        }
      },
      "Microsoft.AspNetCore.Routing.Abstractions": {
        "type": "Transitive",
        "resolved": "2.3.11",
        "contentHash": "zXMw96jeDfTZtCvE65y1yicVGuy/4e4tp2KjTDzqIIw2ShzEiLd19cHFUugSfH3oSf+tg/q5P4jmHRKbWczu2w==",
        "dependencies": {
          "Microsoft.AspNetCore.Http.Abstractions": "2.3.10"
        }
      },
      "Microsoft.AspNetCore.WebUtilities": {
        "type": "Transitive",
        "resolved": "2.3.11",
        "contentHash": "bHEBMxxyfMjHgXYOUv51fpOn173axzmYw51rW6AyQhnbhZr7wIwHVkidPgKmGweDH1/sp5esnkcxhP+EI/pZkw==",
        "dependencies": {
          "Microsoft.Net.Http.Headers": "2.3.10"
        }
      },
      "Microsoft.EntityFrameworkCore.Abstractions": {
        "type": "Transitive",
        "resolved": "10.0.0",
        "contentHash": "C+TT9k7f1GQ8agOfV512K9iwrzi76RXVSDiLx+iWC9pz3QhEpSF1Dyk+FpVvd8ULQ+rqymfM8KQ7g48ttQVyMg=="
      },
      "Microsoft.EntityFrameworkCore.Analyzers": {
        "type": "Transitive",
        "resolved": "10.0.0",
        "contentHash": "TxHQq0kn0tpYs2ljeRl8jtmWk720B0nteqI6mAZM77HWJpYT9Zj8SkkBBlj8K3Yeq18a6NBjz6YutE+shEk4Ag=="
      },
      "Microsoft.Extensions.Caching.Abstractions": {
        "type": "Transitive",
        "resolved": "10.0.0",
        "contentHash": "Zcoy6H9mSoGyvr7UvlGokEZrlZkcPCICPZr8mCsSt9U/N8eeCwCXwKF5bShdA66R0obxBCwP4AxomQHvVkC/uA==",
        "dependencies": {
          "Microsoft.Extensions.Primitives": "10.0.0"
        }
      },
      "Microsoft.Extensions.Caching.Memory": {
        "type": "Transitive",
        "resolved": "10.0.0",
        "contentHash": "krK19MKp0BNiR9rpBDW7PKSrTMLVlifS9am3CVc4O1Jq6GWz0o4F+sw5OSL4L3mVd56W8l6JRgghUa2KB51vOw==",
        "dependencies": {
          "Microsoft.Extensions.Caching.Abstractions": "10.0.0",
          "Microsoft.Extensions.DependencyInjection.Abstractions": "10.0.0",
          "Microsoft.Extensions.Logging.Abstractions": "10.0.0",
          "Microsoft.Extensions.Options": "10.0.0",
          "Microsoft.Extensions.Primitives": "10.0.0"
        }
      },
      "Microsoft.Extensions.Configuration.Abstractions": {
        "type": "Transitive",
        "resolved": "10.0.0",
        "contentHash": "d2kDKnCsJvY7mBVhcjPSp9BkJk48DsaHPg5u+Oy4f8XaOqnEedRy/USyvnpHL92wpJ6DrTPy7htppUUzskbCXQ==",
        "dependencies": {
          "Microsoft.Extensions.Primitives": "10.0.0"
        }
      },
      "Microsoft.Extensions.DependencyInjection": {
        "type": "Transitive",
        "resolved": "10.0.0",
        "contentHash": "f0RBabswJq+gRu5a+hWIobrLWiUYPKMhCD9WO3sYBAdSy3FFH14LMvLVFZc2kPSCimBLxSuitUhsd6tb0TAY6A==",
        "dependencies": {
          "Microsoft.Extensions.DependencyInjection.Abstractions": "10.0.0"
        }
      },
      "Microsoft.Extensions.DependencyInjection.Abstractions": {
        "type": "Transitive",
        "resolved": "10.0.0",
        "contentHash": "L3AdmZ1WOK4XXT5YFPEwyt0ep6l8lGIPs7F5OOBZc77Zqeo01Of7XXICy47628sdVl0v/owxYJTe86DTgFwKCA=="
      },
      "Microsoft.Extensions.DependencyModel": {
        "type": "Transitive",
        "resolved": "8.0.2",
        "contentHash": "mUBDZZRgZrSyFOsJ2qJJ9fXfqd/kXJwf3AiDoqLD9m6TjY5OO/vLNOb9fb4juC0487eq4hcGN/M2Rh/CKS7QYw=="
      },
      "Microsoft.Extensions.Diagnostics.Abstractions": {
        "type": "Transitive",
        "resolved": "8.0.1",
        "contentHash": "elH2vmwNmsXuKmUeMQ4YW9ldXiF+gSGDgg1vORksob5POnpaI6caj1Hu8zaYbEuibhqCoWg0YRWDazBY3zjBfg==",
        "dependencies": {
          "Microsoft.Extensions.DependencyInjection.Abstractions": "8.0.2",
          "Microsoft.Extensions.Options": "8.0.2"
        }
      },
      "Microsoft.Extensions.FileProviders.Abstractions": {
        "type": "Transitive",
        "resolved": "8.0.0",
        "contentHash": "ZbaMlhJlpisjuWbvXr4LdAst/1XxH3vZ6A0BsgTphZ2L4PGuxRLz7Jr/S7mkAAnOn78Vu0fKhEgNF5JO3zfjqQ==",
        "dependencies": {
          "Microsoft.Extensions.Primitives": "8.0.0"
        }
      },
      "Microsoft.Extensions.Hosting.Abstractions": {
        "type": "Transitive",
        "resolved": "8.0.1",
        "contentHash": "nHwq9aPBdBPYXPti6wYEEfgXddfBrYC+CQLn+qISiwQq5tpfaqDZSKOJNxoe9rfQxGf1c+2wC/qWFe1QYJPYqw==",
        "dependencies": {
          "Microsoft.Extensions.Configuration.Abstractions": "8.0.0",
          "Microsoft.Extensions.DependencyInjection.Abstractions": "8.0.2",
          "Microsoft.Extensions.Diagnostics.Abstractions": "8.0.1",
          "Microsoft.Extensions.FileProviders.Abstractions": "8.0.0",
          "Microsoft.Extensions.Logging.Abstractions": "8.0.2"
        }
      },
      "Microsoft.Extensions.Logging": {
        "type": "Transitive",
        "resolved": "10.0.0",
        "contentHash": "BStFkd5CcnEtarlcgYDBcFzGYCuuNMzPs02wN3WBsOFoYIEmYoUdAiU+au6opzoqfTYJsMTW00AeqDdnXH2CvA==",
        "dependencies": {
          "Microsoft.Extensions.DependencyInjection": "10.0.0",
          "Microsoft.Extensions.Logging.Abstractions": "10.0.0",
          "Microsoft.Extensions.Options": "10.0.0"
        }
      },
      "Microsoft.Extensions.Logging.Abstractions": {
        "type": "Transitive",
        "resolved": "10.0.0",
        "contentHash": "FU/IfjDfwaMuKr414SSQNTIti/69bHEMb+QKrskRb26oVqpx3lNFXMjs/RC9ZUuhBhcwDM2BwOgoMw+PZ+beqQ==",
        "dependencies": {
          "Microsoft.Extensions.DependencyInjection.Abstractions": "10.0.0"
        }
      },
      "Microsoft.Extensions.ObjectPool": {
        "type": "Transitive",
        "resolved": "8.0.11",
        "contentHash": "6ApKcHNJigXBfZa6XlDQ8feJpq7SG1ogZXg6M4FiNzgd6irs3LUAzo0Pfn4F2ZI9liGnH1XIBR/OtSbZmJAV5w=="
      },
      "Microsoft.Extensions.Options": {
        "type": "Transitive",
        "resolved": "10.0.0",
        "contentHash": "8oCAgXOow5XDrY9HaXX1QmH3ORsyZO/ANVHBlhLyCeWTH5Sg4UuqZeOTWJi6484M+LqSx0RqQXDJtdYy2BNiLQ==",
        "dependencies": {
          "Microsoft.Extensions.DependencyInjection.Abstractions": "10.0.0",
          "Microsoft.Extensions.Primitives": "10.0.0"
        }
      },
      "Microsoft.Extensions.Primitives": {
        "type": "Transitive",
        "resolved": "10.0.0",
        "contentHash": "inRnbpCS0nwO/RuoZIAqxQUuyjaknOOnCEZB55KSMMjRhl0RQDttSmLSGsUJN3RQ3ocf5NDLFd2mOQViHqMK5w=="
      },
      "Microsoft.Net.Http.Headers": {
        "type": "Transitive",
        "resolved": "2.3.11",
        "contentHash": "rs0fiTFlQEYqylnwdleaNeBYzfG1nfoDMZdLTsALU5hT0cmPrDgmR+lsmPsI0jqJAVEqqd/EgJr7i6MM4H4ExA==",
        "dependencies": {
          "Microsoft.Extensions.Primitives": "8.0.0"
        }
      }
    },
    "net8.0": {
      "Microsoft.AspNetCore.Http.Abstractions": {
        "type": "Direct",
        "requested": "[2.*, )",
        "resolved": "2.3.13",
        "contentHash": "V40/i3RzwjOpC7aUXkWYac45lD5o/HH/BF6KDgWpto/YWGHW9oHd4OSYg+WkaZxZYXxF4t2fRUWA4KyyABxw8g==",
        "dependencies": {
          "Microsoft.AspNetCore.Http.Features": "2.3.12"
        }
      },
      "Microsoft.AspNetCore.Mvc.Core": {
        "type": "Direct",
        "requested": "[2.*, )",
        "resolved": "2.3.13",
        "contentHash": "21uSJQenG9nX93jCdYO743Io1EXLkdFYn9ZhDuk153iTVt2DPZYZstfJRgujrthwfzcR2GyAKbwVutrau1SG6Q==",
        "dependencies": {
          "Microsoft.AspNetCore.Authentication.Core": "2.3.12",
          "Microsoft.AspNetCore.Authorization.Policy": "2.3.12",
          "Microsoft.AspNetCore.Hosting.Abstractions": "2.3.12",
          "Microsoft.AspNetCore.Http": "2.3.12",
          "Microsoft.AspNetCore.Http.Extensions": "2.3.12",
          "Microsoft.AspNetCore.Mvc.Abstractions": "2.3.12",
          "Microsoft.AspNetCore.ResponseCaching.Abstractions": "2.3.12",
          "Microsoft.AspNetCore.Routing": "2.3.12",
          "Microsoft.Extensions.DependencyInjection": "8.0.1",
          "Microsoft.Extensions.DependencyModel": "8.0.2",
          "Microsoft.Extensions.FileProviders.Abstractions": "8.0.0",
          "Microsoft.Extensions.Logging.Abstractions": "8.0.2"
        }
      },
      "Microsoft.EntityFrameworkCore": {
        "type": "Direct",
        "requested": "[8.0.27, 10.0.0)",
        "resolved": "8.0.27",
        "contentHash": "fe3vhlibOcspurgPucQQW4KGC3Z2aj3hafb68AKxFVFawzT5+x6FA4NGzLrWMDs682A3uTodd0hOHX0ZUDwdzA==",
        "dependencies": {
          "Microsoft.EntityFrameworkCore.Abstractions": "8.0.27",
          "Microsoft.EntityFrameworkCore.Analyzers": "8.0.27",
          "Microsoft.Extensions.Caching.Memory": "8.0.1",
          "Microsoft.Extensions.Logging": "8.0.1"
        }
      },
      "Microsoft.EntityFrameworkCore.Relational": {
        "type": "Direct",
        "requested": "[8.0.27, 10.0.0)",
        "resolved": "8.0.27",
        "contentHash": "ulztr0Jcvzg6bbL8wuwshVKcuU4GMeObvSJopg9KM/MBHwEcOroawdoYOJKmcmfmIp2dfXCl0n/qNRLfBfJwZg==",
        "dependencies": {
          "Microsoft.EntityFrameworkCore": "8.0.27",
          "Microsoft.Extensions.Configuration.Abstractions": "8.0.0"
        }
      },
      "Newtonsoft.Json": {
        "type": "Direct",
        "requested": "[13.0.3, )",
        "resolved": "13.0.3",
        "contentHash": "HrC5BXdl00IP9zeV+0Z848QWPAoCr9P3bDEZguI+gkLcBKAOxix/tLEAAHC+UvDNPv4a2d18lOReHMOagPa+zQ=="
      },
      "Microsoft.AspNetCore.Authentication.Abstractions": {
        "type": "Transitive",
        "resolved": "2.3.11",
        "contentHash": "2Hklqme2cDAbWOK5+6hQhyvyENhgeNpWjM5/kkY26cHgldAUIIzIo795X/ja+Yt5N41KHv4k2FfFU24gGkeNEw==",
        "dependencies": {
          "Microsoft.AspNetCore.Http.Abstractions": "2.3.10",
          "Microsoft.Extensions.Logging.Abstractions": "8.0.2",
          "Microsoft.Extensions.Options": "8.0.2"
        }
      },
      "Microsoft.AspNetCore.Authentication.Core": {
        "type": "Transitive",
        "resolved": "2.3.12",
        "contentHash": "nRXTTD9ctza6MH1/wa6kZncvT6eiz4T5MZLOaE8SfKRTI+6mczfKgv4BHyJk/PECWNBiNx3Xz3M8kaG1nrjBNA==",
        "dependencies": {
          "Microsoft.AspNetCore.Authentication.Abstractions": "2.3.11",
          "Microsoft.AspNetCore.Http": "2.3.11",
          "Microsoft.AspNetCore.Http.Extensions": "2.3.11"
        }
      },
      "Microsoft.AspNetCore.Authorization": {
        "type": "Transitive",
        "resolved": "2.3.11",
        "contentHash": "ffdx/P4V6LdAu6gXVtSGJKZrRmel+ZkfvjSBArDu/+nZyBUhNh5tdElJTDWDfIuMoDu1qQulWlnMVzEzbLes7A==",
        "dependencies": {
          "Microsoft.Extensions.Logging.Abstractions": "8.0.2",
          "Microsoft.Extensions.Options": "8.0.2"
        }
      },
      "Microsoft.AspNetCore.Authorization.Policy": {
        "type": "Transitive",
        "resolved": "2.3.12",
        "contentHash": "sSJTb3BnV2XcECHM2X/ASrlrI+gJ78ts74fEvy6ONuniG5ZSh7aW52w7j4AFCoRarHzemcS8x+V5AqhxBlpk5w==",
        "dependencies": {
          "Microsoft.AspNetCore.Authentication.Abstractions": "2.3.11",
          "Microsoft.AspNetCore.Authorization": "2.3.11"
        }
      },
      "Microsoft.AspNetCore.Hosting.Abstractions": {
        "type": "Transitive",
        "resolved": "2.3.12",
        "contentHash": "jSEvM9Ot0ok4VIT8R5JNOSiLTay+sFBp1vCwiqWPqaY3HuvK0EAr8YfqOkxDnWw5nqyC5Z3asJ2NuddLNVzXGA==",
        "dependencies": {
          "Microsoft.AspNetCore.Hosting.Server.Abstractions": "2.3.11",
          "Microsoft.AspNetCore.Http.Abstractions": "2.3.11",
          "Microsoft.Extensions.Hosting.Abstractions": "8.0.1"
        }
      },
      "Microsoft.AspNetCore.Hosting.Server.Abstractions": {
        "type": "Transitive",
        "resolved": "2.3.11",
        "contentHash": "LMp90i+SDiogwqOybUn8T6uZ0E3wmfKxZpUUMUWo/mWkaxTFtzFPTj/VU0G5ZEgYQdz6oPSwSpkoV6pzikt9Qg==",
        "dependencies": {
          "Microsoft.AspNetCore.Http.Features": "2.3.10",
          "Microsoft.Extensions.Configuration.Abstractions": "8.0.0"
        }
      },
      "Microsoft.AspNetCore.Http": {
        "type": "Transitive",
        "resolved": "2.3.12",
        "contentHash": "unx5UyJrHAsIu/NZLGXdnwbdqLnAdN//YjdBTeOO08KM7for4pOULwSeSkisxSaLdIn8m9Y3HJWGLEM+Ys5NgA==",
        "dependencies": {
          "Microsoft.AspNetCore.Http.Abstractions": "2.3.11",
          "Microsoft.AspNetCore.WebUtilities": "2.3.11",
          "Microsoft.Extensions.ObjectPool": "8.0.11",
          "Microsoft.Extensions.Options": "8.0.2",
          "Microsoft.Net.Http.Headers": "2.3.11"
        }
      },
      "Microsoft.AspNetCore.Http.Extensions": {
        "type": "Transitive",
        "resolved": "2.3.12",
        "contentHash": "qMK/Q25fj2R97RNNnbK2WmQTBN6wAa1t0sWSyOb3XA8JYkZTGxWjoVJ3P7ntdmEdV8EVfTrV1DCQl390GAOeXg==",
        "dependencies": {
          "Microsoft.AspNetCore.Http.Abstractions": "2.3.11",
          "Microsoft.Extensions.FileProviders.Abstractions": "8.0.0",
          "Microsoft.Net.Http.Headers": "2.3.11"
        }
      },
      "Microsoft.AspNetCore.Http.Features": {
        "type": "Transitive",
        "resolved": "2.3.12",
        "contentHash": "Lq3xByu3oBaIPJrKhL8NIRTwQO177NhztvBG6FBoajnxeDIZn2N5vzfDjcp7eQcyPbWPm9G1yMEi9ah+yMR7kw==",
        "dependencies": {
          "Microsoft.Extensions.Primitives": "8.0.0"
        }
      },
      "Microsoft.AspNetCore.Mvc.Abstractions": {
        "type": "Transitive",
        "resolved": "2.3.12",
        "contentHash": "4DgsPmhIaxCjxGOB6PN2XVgyiHcGmvQkvlZSM5AjvEezpJJF3VncVsLVEyfZE8RUugyHJ5wW+Xos/m2Yzz97Lw==",
        "dependencies": {
          "Microsoft.AspNetCore.Routing.Abstractions": "2.3.11",
          "Microsoft.Net.Http.Headers": "2.3.11"
        }
      },
      "Microsoft.AspNetCore.ResponseCaching.Abstractions": {
        "type": "Transitive",
        "resolved": "2.3.12",
        "contentHash": "OFMQwSDbR70xMIZ9ccPeZiXEe9v9Yb2LIszLXBydZephOsi1cwwPUyvXU/g0+qyTGnCWqUA0UKKEjJBQfquR8g==",
        "dependencies": {
          "Microsoft.Extensions.Primitives": "8.0.0"
        }
      },
      "Microsoft.AspNetCore.Routing": {
        "type": "Transitive",
        "resolved": "2.3.12",
        "contentHash": "FgOCYWe5gZDDxVggaCOAK1L4na779J/FwjsItWRp31P8jYWvvk7uZP6UMgXajLj2lercEwGaEjw8zadZPkcQ+g==",
        "dependencies": {
          "Microsoft.AspNetCore.Http.Extensions": "2.3.11",
          "Microsoft.AspNetCore.Routing.Abstractions": "2.3.11",
          "Microsoft.Extensions.Logging.Abstractions": "8.0.2",
          "Microsoft.Extensions.ObjectPool": "8.0.11",
          "Microsoft.Extensions.Options": "8.0.2"
        }
      },
      "Microsoft.AspNetCore.Routing.Abstractions": {
        "type": "Transitive",
        "resolved": "2.3.11",
        "contentHash": "zXMw96jeDfTZtCvE65y1yicVGuy/4e4tp2KjTDzqIIw2ShzEiLd19cHFUugSfH3oSf+tg/q5P4jmHRKbWczu2w==",
        "dependencies": {
          "Microsoft.AspNetCore.Http.Abstractions": "2.3.10"
        }
      },
      "Microsoft.AspNetCore.WebUtilities": {
        "type": "Transitive",
        "resolved": "2.3.11",
        "contentHash": "bHEBMxxyfMjHgXYOUv51fpOn173axzmYw51rW6AyQhnbhZr7wIwHVkidPgKmGweDH1/sp5esnkcxhP+EI/pZkw==",
        "dependencies": {
          "Microsoft.Net.Http.Headers": "2.3.10"
        }
      },
      "Microsoft.EntityFrameworkCore.Abstractions": {
        "type": "Transitive",
        "resolved": "8.0.27",
        "contentHash": "/pqkVwmVsMOePo58AlmpXCQOOsGTqMahgbANhmP7WZMd9PiXLnzVxU06R+HbW0u+YdZ4w4aBDvVg+vUpGKydJg=="
      },
      "Microsoft.EntityFrameworkCore.Analyzers": {
        "type": "Transitive",
        "resolved": "8.0.27",
        "contentHash": "9hl8QNHrgOtidE7I5aom9ABcXCIjv1fnRxgNNC4PaA043zPte28ifvkW2KK91OoAYF7trZSmU1qYScTra3N7HA=="
      },
      "Microsoft.Extensions.Caching.Abstractions": {
        "type": "Transitive",
        "resolved": "8.0.0",
        "contentHash": "3KuSxeHoNYdxVYfg2IRZCThcrlJ1XJqIXkAWikCsbm5C/bCjv7G0WoKDyuR98Q+T607QT2Zl5GsbGRkENcV2yQ==",
        "dependencies": {
          "Microsoft.Extensions.Primitives": "8.0.0"
        }
      },
      "Microsoft.Extensions.Caching.Memory": {
        "type": "Transitive",
        "resolved": "8.0.1",
        "contentHash": "HFDnhYLccngrzyGgHkjEDU5FMLn4MpOsr5ElgsBMC4yx6lJh4jeWO7fHS8+TXPq+dgxCmUa/Trl8svObmwW4QA==",
        "dependencies": {
          "Microsoft.Extensions.Caching.Abstractions": "8.0.0",
          "Microsoft.Extensions.DependencyInjection.Abstractions": "8.0.2",
          "Microsoft.Extensions.Logging.Abstractions": "8.0.2",
          "Microsoft.Extensions.Options": "8.0.2",
          "Microsoft.Extensions.Primitives": "8.0.0"
        }
      },
      "Microsoft.Extensions.Configuration.Abstractions": {
        "type": "Transitive",
        "resolved": "8.0.0",
        "contentHash": "3lE/iLSutpgX1CC0NOW70FJoGARRHbyKmG7dc0klnUZ9Dd9hS6N/POPWhKhMLCEuNN5nXEY5agmlFtH562vqhQ==",
        "dependencies": {
          "Microsoft.Extensions.Primitives": "8.0.0"
        }
      },
      "Microsoft.Extensions.DependencyInjection": {
        "type": "Transitive",
        "resolved": "8.0.1",
        "contentHash": "BmANAnR5Xd4Oqw7yQ75xOAYODybZQRzdeNucg7kS5wWKd2PNnMdYtJ2Vciy0QLylRmv42DGl5+AFL9izA6F1Rw==",
        "dependencies": {
          "Microsoft.Extensions.DependencyInjection.Abstractions": "8.0.2"
        }
      },
      "Microsoft.Extensions.DependencyInjection.Abstractions": {
        "type": "Transitive",
        "resolved": "8.0.2",
        "contentHash": "3iE7UF7MQkCv1cxzCahz+Y/guQbTqieyxyaWKhrRO91itI9cOKO76OHeQDahqG4MmW5umr3CcCvGmK92lWNlbg=="
      },
      "Microsoft.Extensions.DependencyModel": {
        "type": "Transitive",
        "resolved": "8.0.2",
        "contentHash": "mUBDZZRgZrSyFOsJ2qJJ9fXfqd/kXJwf3AiDoqLD9m6TjY5OO/vLNOb9fb4juC0487eq4hcGN/M2Rh/CKS7QYw=="
      },
      "Microsoft.Extensions.Diagnostics.Abstractions": {
        "type": "Transitive",
        "resolved": "8.0.1",
        "contentHash": "elH2vmwNmsXuKmUeMQ4YW9ldXiF+gSGDgg1vORksob5POnpaI6caj1Hu8zaYbEuibhqCoWg0YRWDazBY3zjBfg==",
        "dependencies": {
          "Microsoft.Extensions.DependencyInjection.Abstractions": "8.0.2",
          "Microsoft.Extensions.Options": "8.0.2"
        }
      },
      "Microsoft.Extensions.FileProviders.Abstractions": {
        "type": "Transitive",
        "resolved": "8.0.0",
        "contentHash": "ZbaMlhJlpisjuWbvXr4LdAst/1XxH3vZ6A0BsgTphZ2L4PGuxRLz7Jr/S7mkAAnOn78Vu0fKhEgNF5JO3zfjqQ==",
        "dependencies": {
          "Microsoft.Extensions.Primitives": "8.0.0"
        }
      },
      "Microsoft.Extensions.Hosting.Abstractions": {
        "type": "Transitive",
        "resolved": "8.0.1",
        "contentHash": "nHwq9aPBdBPYXPti6wYEEfgXddfBrYC+CQLn+qISiwQq5tpfaqDZSKOJNxoe9rfQxGf1c+2wC/qWFe1QYJPYqw==",
        "dependencies": {
          "Microsoft.Extensions.Configuration.Abstractions": "8.0.0",
          "Microsoft.Extensions.DependencyInjection.Abstractions": "8.0.2",
          "Microsoft.Extensions.Diagnostics.Abstractions": "8.0.1",
          "Microsoft.Extensions.FileProviders.Abstractions": "8.0.0",
          "Microsoft.Extensions.Logging.Abstractions": "8.0.2"
        }
      },
      "Microsoft.Extensions.Logging": {
        "type": "Transitive",
        "resolved": "8.0.1",
        "contentHash": "4x+pzsQEbqxhNf1QYRr5TDkLP9UsLT3A6MdRKDDEgrW7h1ljiEPgTNhKYUhNCCAaVpQECVQ+onA91PTPnIp6Lw==",
        "dependencies": {
          "Microsoft.Extensions.DependencyInjection": "8.0.1",
          "Microsoft.Extensions.Logging.Abstractions": "8.0.2",
          "Microsoft.Extensions.Options": "8.0.2"
        }
      },
      "Microsoft.Extensions.Logging.Abstractions": {
        "type": "Transitive",
        "resolved": "8.0.2",
        "contentHash": "nroMDjS7hNBPtkZqVBbSiQaQjWRDxITI8Y7XnDs97rqG3EbzVTNLZQf7bIeUJcaHOV8bca47s1Uxq94+2oGdxA==",
        "dependencies": {
          "Microsoft.Extensions.DependencyInjection.Abstractions": "8.0.2"
        }
      },
      "Microsoft.Extensions.ObjectPool": {
        "type": "Transitive",
        "resolved": "8.0.11",
        "contentHash": "6ApKcHNJigXBfZa6XlDQ8feJpq7SG1ogZXg6M4FiNzgd6irs3LUAzo0Pfn4F2ZI9liGnH1XIBR/OtSbZmJAV5w=="
      },
      "Microsoft.Extensions.Options": {
        "type": "Transitive",
        "resolved": "8.0.2",
        "contentHash": "dWGKvhFybsaZpGmzkGCbNNwBD1rVlWzrZKANLW/CcbFJpCEceMCGzT7zZwHOGBCbwM0SzBuceMj5HN1LKV1QqA==",
        "dependencies": {
          "Microsoft.Extensions.DependencyInjection.Abstractions": "8.0.0",
          "Microsoft.Extensions.Primitives": "8.0.0"
        }
      },
      "Microsoft.Extensions.Primitives": {
        "type": "Transitive",
        "resolved": "8.0.0",
        "contentHash": "bXJEZrW9ny8vjMF1JV253WeLhpEVzFo1lyaZu1vQ4ZxWUlVvknZ/+ftFgVheLubb4eZPSwwxBeqS1JkCOjxd8g=="
      },
      "Microsoft.Net.Http.Headers": {
        "type": "Transitive",
        "resolved": "2.3.11",
        "contentHash": "rs0fiTFlQEYqylnwdleaNeBYzfG1nfoDMZdLTsALU5hT0cmPrDgmR+lsmPsI0jqJAVEqqd/EgJr7i6MM4H4ExA==",
        "dependencies": {
          "Microsoft.Extensions.Primitives": "8.0.0"
        }
      }
    }
  }
}